// !$*UTF8*$!
{
	archiveVersion = 1;
	classes = {
	};
	objectVersion = 50;
	objects = {

/* Begin PBXBuildFile section */
		86F2FF1920CDEED90089148D /* AppDelegate.swift in Sources */ = {isa = PBXBuildFile; fileRef = 86F2FF1820CDEED90089148D /* AppDelegate.swift */; };
		86F2FF1B20CDEED90089148D /* ViewController.swift in Sources */ = {isa = PBXBuildFile; fileRef = 86F2FF1A20CDEED90089148D /* ViewController.swift */; };
		86F2FF1E20CDEED90089148D /* Main.storyboard in Resources */ = {isa = PBXBuildFile; fileRef = 86F2FF1C20CDEED90089148D /* Main.storyboard */; };
		86F2FF2020CDEEDA0089148D /* Assets.xcassets in Resources */ = {isa = PBXBuildFile; fileRef = 86F2FF1F20CDEEDA0089148D /* Assets.xcassets */; };
		86F2FF2320CDEEDA0089148D /* LaunchScreen.storyboard in Resources */ = {isa = PBXBuildFile; fileRef = 86F2FF2120CDEEDA0089148D /* LaunchScreen.storyboard */; };
		86F2FF2E20CDEEDA0089148D /* Food_Tracker_VLTests.swift in Sources */ = {isa = PBXBuildFile; fileRef = 86F2FF2D20CDEEDA0089148D /* Food_Tracker_VLTests.swift */; };
/* End PBXBuildFile section */

/* Begin PBXContainerItemProxy section */
		86F2FF2A20CDEEDA0089148D /* PBXContainerItemProxy */ = {
			isa = PBXContainerItemProxy;
			containerPortal = 86F2FF0D20CDEED90089148D /* Project object */;
			proxyType = 1;
			remoteGlobalIDString = 86F2FF1420CDEED90089148D;
			remoteInfo = "Food Tracker VL";
		};
/* End PBXContainerItemProxy section */

/* Begin PBXFileReference section */
		86F2FF1520CDEED90089148D /* Food Tracker VL.app */ = {isa = PBXFileReference; explicitFileType = wrapper.application; includeInIndex = 0; path = "Food Tracker VL.app"; sourceTree = BUILT_PRODUCTS_DIR; };
		86F2FF1820CDEED90089148D /* AppDelegate.swift */ = {isa = PBXFileReference; lastKnownFileType = sourcecode.swift; path = AppDelegate.swift; sourceTree = "<group>"; };
		86F2FF1A20CDEED90089148D /* ViewController.swift */ = {isa = PBXFileReference; lastKnownFileType = sourcecode.swift; path = ViewController.swift; sourceTree = "<group>"; };
		86F2FF1D20CDEED90089148D /* Base */ = {isa = PBXFileReference; lastKnownFileType = file.storyboard; name = Base; path = Base.lproj/Main.storyboard; sourceTree = "<group>"; };
		86F2FF1F20CDEEDA0089148D /* Assets.xcassets */ = {isa = PBXFileReference; lastKnownFileType = folder.assetcatalog; path = Assets.xcassets; sourceTree = "<group>"; };
		86F2FF2220CDEEDA0089148D /* Base */ = {isa = PBXFileReference; lastKnownFileType = file.storyboard; name = Base; path = Base.lproj/LaunchScreen.storyboard; sourceTree = "<group>"; };
		86F2FF2420CDEEDA0089148D /* Info.plist */ = {isa = PBXFileReference; lastKnownFileType = text.plist.xml; path = Info.plist; sourceTree = "<group>"; };
		86F2FF2920CDEEDA0089148D /* Food Tracker VLTests.xctest */ = {isa = PBXFileReference; explicitFileType = wrapper.cfbundle; includeInIndex = 0; path = "Food Tracker VLTests.xctest"; sourceTree = BUILT_PRODUCTS_DIR; };
		86F2FF2D20CDEEDA0089148D /* Food_Tracker_VLTests.swift */ = {isa = PBXFileReference; lastKnownFileType = sourcecode.swift; path = Food_Tracker_VLTests.swift; sourceTree = "<group>"; };
		86F2FF2F20CDEEDA0089148D /* Info.plist */ = {isa = PBXFileReference; lastKnownFileType = text.plist.xml; path = Info.plist; sourceTree = "<group>"; };
/* End PBXFileReference section */

/* Begin PBXFrameworksBuildPhase section */
		86F2FF1220CDEED90089148D /* Frameworks */ = {
			isa = PBXFrameworksBuildPhase;
			buildActionMask = 2147483647;
			files = (
			);
			runOnlyForDeploymentPostprocessing = 0;
		};
		86F2FF2620CDEEDA0089148D /* Frameworks */ = {
			isa = PBXFrameworksBuildPhase;
			buildActionMask = 2147483647;
			files = (
			);
			runOnlyForDeploymentPostprocessing = 0;
		};
/* End PBXFrameworksBuildPhase section */

/* Begin PBXGroup section */
		86F2FF0C20CDEED90089148D = {
			isa = PBXGroup;
			children = (
				86F2FF1720CDEED90089148D /* Food Tracker VL */,
				86F2FF2C20CDEEDA0089148D /* Food Tracker VLTests */,
				86F2FF1620CDEED90089148D /* Products */,
			);
			sourceTree = "<group>";
		};
		86F2FF1620CDEED90089148D /* Products */ = {
			isa = PBXGroup;
			children = (
				86F2FF1520CDEED90089148D /* Food Tracker VL.app */,
				86F2FF2920CDEEDA0089148D /* Food Tracker VLTests.xctest */,
			);
			name = Products;
			sourceTree = "<group>";
		};
		86F2FF1720CDEED90089148D /* Food Tracker VL */ = {
			isa = PBXGroup;
			children = (
				86F2FF1820CDEED90089148D /* AppDelegate.swift */,
				86F2FF1A20CDEED90089148D /* ViewController.swift */,
				86F2FF1C20CDEED90089148D /* Main.storyboard */,
				86F2FF1F20CDEEDA0089148D /* Assets.xcassets */,
				86F2FF2120CDEEDA0089148D /* LaunchScreen.storyboard */,
				86F2FF2420CDEEDA0089148D /* Info.plist */,
			);
			path = "Food Tracker VL";
			sourceTree = "<group>";
		};
		86F2FF2C20CDEEDA0089148D /* Food Tracker VLTests */ = {
			isa = PBXGroup;
			children = (
				86F2FF2D20CDEEDA0089148D /* Food_Tracker_VLTests.swift */,
				86F2FF2F20CDEEDA0089148D /* Info.plist */,
			);
			path = "Food Tracker VLTests";
			sourceTree = "<group>";
		};
/* End PBXGroup section */

/* Begin PBXNativeTarget section */
		86F2FF1420CDEED90089148D /* Food Tracker VL */ = {
			isa = PBXNativeTarget;
			buildConfigurationList = 86F2FF3220CDEEDA0089148D /* Build configuration list for PBXNativeTarget "Food Tracker VL" */;
			buildPhases = (
				86F2FF1120CDEED90089148D /* Sources */,
				86F2FF1220CDEED90089148D /* Frameworks */,
				86F2FF1320CDEED90089148D /* Resources */,
			);
			buildRules = (
			);
			dependencies = (
			);
			name = "Food Tracker VL";
			productName = "Food Tracker VL";
			productReference = 86F2FF1520CDEED90089148D /* Food Tracker VL.app */;
			productType = "com.apple.product-type.application";
		};
		86F2FF2820CDEEDA0089148D /* Food Tracker VLTests */ = {
			isa = PBXNativeTarget;
			buildConfigurationList = 86F2FF3520CDEEDA0089148D /* Build configuration list for PBXNativeTarget "Food Tracker VLTests" */;
			buildPhases = (
				86F2FF2520CDEEDA0089148D /* Sources */,
				86F2FF2620CDEEDA0089148D /* Frameworks */,
				86F2FF2720CDEEDA0089148D /* Resources */,
			);
			buildRules = (
			);
			dependencies = (
				86F2FF2B20CDEEDA0089148D /* PBXTargetDependency */,
			);
			name = "Food Tracker VLTests";
			productName = "Food Tracker VLTests";
			productReference = 86F2FF2920CDEEDA0089148D /* Food Tracker VLTests.xctest */;
			productType = "com.apple.product-type.bundle.unit-test";
		};
/* End PBXNativeTarget section */

/* Begin PBXProject section */
		86F2FF0D20CDEED90089148D /* Project object */ = {
			isa = PBXProject;
			attributes = {
				LastSwiftUpdateCheck = 0930;
				LastUpgradeCheck = 0930;
				ORGANIZATIONNAME = Vladislav;
				TargetAttributes = {
					86F2FF1420CDEED90089148D = {
						CreatedOnToolsVersion = 9.3;
					};
					86F2FF2820CDEEDA0089148D = {
						CreatedOnToolsVersion = 9.3;
						TestTargetID = 86F2FF1420CDEED90089148D;
					};
				};
			};
			buildConfigurationList = 86F2FF1020CDEED90089148D /* Build configuration list for PBXProject "Food Tracker VL" */;
			compatibilityVersion = "Xcode 9.3";
			developmentRegion = en;
			hasScannedForEncodings = 0;
			knownRegions = (
				en,
				Base,
			);
			mainGroup = 86F2FF0C20CDEED90089148D;
			productRefGroup = 86F2FF1620CDEED90089148D /* Products */;
			projectDirPath = "";
			projectRoot = "";
			targets = (
				86F2FF1420CDEED90089148D /* Food Tracker VL */,
				86F2FF2820CDEEDA0089148D /* Food Tracker VLTests */,
			);
		};
/* End PBXProject section */

/* Begin PBXResourcesBuildPhase section */
		86F2FF1320CDEED90089148D /* Resources */ = {
			isa = PBXResourcesBuildPhase;
			buildActionMask = 2147483647;
			files = (
				86F2FF2320CDEEDA0089148D /* LaunchScreen.storyboard in Resources */,
				86F2FF2020CDEEDA0089148D /* Assets.xcassets in Resources */,
				86F2FF1E20CDEED90089148D /* Main.storyboard in Resources */,
			);
			runOnlyForDeploymentPostprocessing = 0;
		};
		86F2FF2720CDEEDA0089148D /* Resources */ = {
			isa = PBXResourcesBuildPhase;
			buildActionMask = 2147483647;
			files = (
			);
			runOnlyForDeploymentPostprocessing = 0;
		};
/* End PBXResourcesBuildPhase section */

/* Begin PBXSourcesBuildPhase section */
		86F2FF1120CDEED90089148D /* Sources */ = {
			isa = PBXSourcesBuildPhase;
			buildActionMask = 2147483647;
			files = (
				86F2FF1B20CDEED90089148D /* ViewController.swift in Sources */,
				86F2FF1920CDEED90089148D /* AppDelegate.swift in Sources */,
			);
			runOnlyForDeploymentPostprocessing = 0;
		};
		86F2FF2520CDEEDA0089148D /* Sources */ = {
			isa = PBXSourcesBuildPhase;
			buildActionMask = 2147483647;
			files = (
				86F2FF2E20CDEEDA0089148D /* Food_Tracker_VLTests.swift in Sources */,
			);
			runOnlyForDeploymentPostprocessing = 0;
		};
/* End PBXSourcesBuildPhase section */

/* Begin PBXTargetDependency section */
		86F2FF2B20CDEEDA0089148D /* PBXTargetDependency */ = {
			isa = PBXTargetDependency;
			target = 86F2FF1420CDEED90089148D /* Food Tracker VL */;
			targetProxy = 86F2FF2A20CDEEDA0089148D /* PBXContainerItemProxy */;
		};
/* End PBXTargetDependency section */

/* Begin PBXVariantGroup section */
		86F2FF1C20CDEED90089148D /* Main.storyboard */ = {
			isa = PBXVariantGroup;
			children = (
				86F2FF1D20CDEED90089148D /* Base */,
			);
			name = Main.storyboard;
			sourceTree = "<group>";
		};
		86F2FF2120CDEEDA0089148D /* LaunchScreen.storyboard */ = {
			isa = PBXVariantGroup;
			children = (
				86F2FF2220CDEEDA0089148D /* Base */,
			);
			name = LaunchScreen.storyboard;
			sourceTree = "<group>";
		};
/* End PBXVariantGroup section */

/* Begin XCBuildConfiguration section */
		86F2FF3020CDEEDA0089148D /* Debug */ = {
			isa = XCBuildConfiguration;
			buildSettings = {
				ALWAYS_SEARCH_USER_PATHS = NO;
				CLANG_ANALYZER_NONNULL = YES;
				CLANG_ANALYZER_NUMBER_OBJECT_CONVERSION = YES_AGGRESSIVE;
				CLANG_CXX_LANGUAGE_STANDARD = "gnu++14";
				CLANG_CXX_LIBRARY = "libc++";
				CLANG_ENABLE_MODULES = YES;
				CLANG_ENABLE_OBJC_ARC = YES;
				CLANG_ENABLE_OBJC_WEAK = YES;
				CLANG_WARN_BLOCK_CAPTURE_AUTORELEASING = YES;
				CLANG_WARN_BOOL_CONVERSION = YES;
				CLANG_WARN_COMMA = YES;
				CLANG_WARN_CONSTANT_CONVERSION = YES;
				CLANG_WARN_DEPRECATED_OBJC_IMPLEMENTATIONS = YES;
				CLANG_WARN_DIRECT_OBJC_ISA_USAGE = YES_ERROR;
				CLANG_WARN_DOCUMENTATION_COMMENTS = YES;
				CLANG_WARN_EMPTY_BODY = YES;
				CLANG_WARN_ENUM_CONVERSION = YES;
				CLANG_WARN_INFINITE_RECURSION = YES;
				CLANG_WARN_INT_CONVERSION = YES;
				CLANG_WARN_NON_LITERAL_NULL_CONVERSION = YES;
				CLANG_WARN_OBJC_IMPLICIT_RETAIN_SELF = YES;
				CLANG_WARN_OBJC_LITERAL_CONVERSION = YES;
				CLANG_WARN_OBJC_ROOT_CLASS = YES_ERROR;
				CLANG_WARN_RANGE_LOOP_ANALYSIS = YES;
				CLANG_WARN_STRICT_PROTOTYPES = YES;
				CLANG_WARN_SUSPICIOUS_MOVE = YES;
				CLANG_WARN_UNGUARDED_AVAILABILITY = YES_AGGRESSIVE;
				CLANG_WARN_UNREACHABLE_CODE = YES;
				CLANG_WARN__DUPLICATE_METHOD_MATCH = YES;
				CODE_SIGN_IDENTITY = "iPhone Developer";
				COPY_PHASE_STRIP = NO;
				DEBUG_INFORMATION_FORMAT = dwarf;
				ENABLE_STRICT_OBJC_MSGSEND = YES;
				ENABLE_TESTABILITY = YES;
				GCC_C_LANGUAGE_STANDARD = gnu11;
				GCC_DYNAMIC_NO_PIC = NO;
				GCC_NO_COMMON_BLOCKS = YES;
				GCC_OPTIMIZATION_LEVEL = 0;
				GCC_PREPROCESSOR_DEFINITIONS = (
					"DEBUG=1",
					"$(inherited)",
				);
				GCC_WARN_64_TO_32_BIT_CONVERSION = YES;
				GCC_WARN_ABOUT_RETURN_TYPE = YES_ERROR;
				GCC_WARN_UNDECLARED_SELECTOR = YES;
				GCC_WARN_UNINITIALIZED_AUTOS = YES_AGGRESSIVE;
				GCC_WARN_UNUSED_FUNCTION = YES;
				GCC_WARN_UNUSED_VARIABLE = YES;
				IPHONEOS_DEPLOYMENT_TARGET = 11.3;
				MTL_ENABLE_DEBUG_INFO = YES;
				ONLY_ACTIVE_ARCH = YES;
				SDKROOT = iphoneos;
				SWIFT_ACTIVE_COMPILATION_CONDITIONS = DEBUG;
				SWIFT_OPTIMIZATION_LEVEL = "-Onone";
			};
			name = Debug;
		};
		86F2FF3120CDEEDA0089148D /* Release */ = {
			isa = XCBuildConfiguration;
			buildSettings = {
				ALWAYS_SEARCH_USER_PATHS = NO;
				CLANG_ANALYZER_NONNULL = YES;
				CLANG_ANALYZER_NUMBER_OBJECT_CONVERSION = YES_AGGRESSIVE;
				CLANG_CXX_LANGUAGE_STANDARD = "gnu++14";
				CLANG_CXX_LIBRARY = "libc++";
				CLANG_ENABLE_MODULES = YES;
				CLANG_ENABLE_OBJC_ARC = YES;
				CLANG_ENABLE_OBJC_WEAK = YES;
				CLANG_WARN_BLOCK_CAPTURE_AUTORELEASING = YES;
				CLANG_WARN_BOOL_CONVERSION = YES;
				CLANG_WARN_COMMA = YES;
				CLANG_WARN_CONSTANT_CONVERSION = YES;
				CLANG_WARN_DEPRECATED_OBJC_IMPLEMENTATIONS = YES;
				CLANG_WARN_DIRECT_OBJC_ISA_USAGE = YES_ERROR;
				CLANG_WARN_DOCUMENTATION_COMMENTS = YES;
				CLANG_WARN_EMPTY_BODY = YES;
				CLANG_WARN_ENUM_CONVERSION = YES;
				CLANG_WARN_INFINITE_RECURSION = YES;
				CLANG_WARN_INT_CONVERSION = YES;
				CLANG_WARN_NON_LITERAL_NULL_CONVERSION = YES;
				CLANG_WARN_OBJC_IMPLICIT_RETAIN_SELF = YES;
				CLANG_WARN_OBJC_LITERAL_CONVERSION = YES;
				CLANG_WARN_OBJC_ROOT_CLASS = YES_ERROR;
				CLANG_WARN_RANGE_LOOP_ANALYSIS = YES;
				CLANG_WARN_STRICT_PROTOTYPES = YES;
				CLANG_WARN_SUSPICIOUS_MOVE = YES;
				CLANG_WARN_UNGUARDED_AVAILABILITY = YES_AGGRESSIVE;
				CLANG_WARN_UNREACHABLE_CODE = YES;
				CLANG_WARN__DUPLICATE_METHOD_MATCH = YES;
				CODE_SIGN_IDENTITY = "iPhone Developer";
				COPY_PHASE_STRIP = NO;
				DEBUG_INFORMATION_FORMAT = "dwarf-with-dsym";
				ENABLE_NS_ASSERTIONS = NO;
				ENABLE_STRICT_OBJC_MSGSEND = YES;
				GCC_C_LANGUAGE_STANDARD = gnu11;
				GCC_NO_COMMON_BLOCKS = YES;
				GCC_WARN_64_TO_32_BIT_CONVERSION = YES;
				GCC_WARN_ABOUT_RETURN_TYPE = YES_ERROR;
				GCC_WARN_UNDECLARED_SELECTOR = YES;
				GCC_WARN_UNINITIALIZED_AUTOS = YES_AGGRESSIVE;
				GCC_WARN_UNUSED_FUNCTION = YES;
				GCC_WARN_UNUSED_VARIABLE = YES;
				IPHONEOS_DEPLOYMENT_TARGET = 11.3;
				MTL_ENABLE_DEBUG_INFO = NO;
				SDKROOT = iphoneos;
				SWIFT_COMPILATION_MODE = wholemodule;
				SWIFT_OPTIMIZATION_LEVEL = "-O";
				VALIDATE_PRODUCT = YES;
			};
			name = Release;
		};
		86F2FF3320CDEEDA0089148D /* Debug */ = {
			isa = XCBuildConfiguration;
			buildSettings = {
				ASSETCATALOG_COMPILER_APPICON_NAME = AppIcon;
				CODE_SIGN_STYLE = Automatic;
				DEVELOPMENT_TEAM = UM4MD657TT;
				INFOPLIST_FILE = "Food Tracker VL/Info.plist";
				LD_RUNPATH_SEARCH_PATHS = (
					"$(inherited)",
					"@executable_path/Frameworks",
				);
				PRODUCT_BUNDLE_IDENTIFIER = "VL.Food-Tracker-VL";
				PRODUCT_NAME = "$(TARGET_NAME)";
				SWIFT_VERSION = 4.0;
				TARGETED_DEVICE_FAMILY = "1,2";
			};
			name = Debug;
		};
		86F2FF3420CDEEDA0089148D /* Release */ = {
			isa = XCBuildConfiguration;
			buildSettings = {
				ASSETCATALOG_COMPILER_APPICON_NAME = AppIcon;
				CODE_SIGN_STYLE = Automatic;
				DEVELOPMENT_TEAM = UM4MD657TT;
				INFOPLIST_FILE = "Food Tracker VL/Info.plist";
				LD_RUNPATH_SEARCH_PATHS = (
					"$(inherited)",
					"@executable_path/Frameworks",
				);
				PRODUCT_BUNDLE_IDENTIFIER = "VL.Food-Tracker-VL";
				PRODUCT_NAME = "$(TARGET_NAME)";
				SWIFT_VERSION = 4.0;
				TARGETED_DEVICE_FAMILY = "1,2";
			};
			name = Release;
		};
		86F2FF3620CDEEDA0089148D /* Debug */ = {
			isa = XCBuildConfiguration;
			buildSettings = {
				ALWAYS_EMBED_SWIFT_STANDARD_LIBRARIES = YES;
				BUNDLE_LOADER = "$(TEST_HOST)";
				CODE_SIGN_STYLE = Automatic;
				DEVELOPMENT_TEAM = UM4MD657TT;
				INFOPLIST_FILE = "Food Tracker VLTests/Info.plist";
				LD_RUNPATH_SEARCH_PATHS = (
					"$(inherited)",
					"@executable_path/Frameworks",
					"@loader_path/Frameworks",
				);
				PRODUCT_BUNDLE_IDENTIFIER = "VL.Food-Tracker-VLTests";
				PRODUCT_NAME = "$(TARGET_NAME)";
				SWIFT_VERSION = 4.0;
				TARGETED_DEVICE_FAMILY = "1,2";
				TEST_HOST = "$(BUILT_PRODUCTS_DIR)/Food Tracker VL.app/Food Tracker VL";
			};
			name = Debug;
		};
		86F2FF3720CDEEDA0089148D /* Release */ = {
			isa = XCBuildConfiguration;
			buildSettings = {
				ALWAYS_EMBED_SWIFT_STANDARD_LIBRARIES = YES;
				BUNDLE_LOADER = "$(TEST_HOST)";
				CODE_SIGN_STYLE = Automatic;
				DEVELOPMENT_TEAM = UM4MD657TT;
				INFOPLIST_FILE = "Food Tracker VLTests/Info.plist";
				LD_RUNPATH_SEARCH_PATHS = (
					"$(inherited)",
					"@executable_path/Frameworks",
					"@loader_path/Frameworks",
				);
				PRODUCT_BUNDLE_IDENTIFIER = "VL.Food-Tracker-VLTests";
				PRODUCT_NAME = "$(TARGET_NAME)";
				SWIFT_VERSION = 4.0;
				TARGETED_DEVICE_FAMILY = "1,2";
				TEST_HOST = "$(BUILT_PRODUCTS_DIR)/Food Tracker VL.app/Food Tracker VL";
			};
			name = Release;
		};
/* End XCBuildConfiguration section */

/* Begin XCConfigurationList section */
		86F2FF1020CDEED90089148D /* Build configuration list for PBXProject "Food Tracker VL" */ = {
			isa = XCConfigurationList;
			buildConfigurations = (
				86F2FF3020CDEEDA0089148D /* Debug */,
				86F2FF3120CDEEDA0089148D /* Release */,
			);
			defaultConfigurationIsVisible = 0;
			defaultConfigurationName = Release;
		};
		86F2FF3220CDEEDA0089148D /* Build configuration list for PBXNativeTarget "Food Tracker VL" */ = {
			isa = XCConfigurationList;
			buildConfigurations = (
				86F2FF3320CDEEDA0089148D /* Debug */,
				86F2FF3420CDEEDA0089148D /* Release */,
			);
			defaultConfigurationIsVisible = 0;
			defaultConfigurationName = Release;
		};
		86F2FF3520CDEEDA0089148D /* Build configuration list for PBXNativeTarget "Food Tracker VLTests" */ = {
			isa = XCConfigurationList;
			buildConfigurations = (
				86F2FF3620CDEEDA0089148D /* Debug */,
				86F2FF3720CDEEDA0089148D /* Release */,
			);
			defaultConfigurationIsVisible = 0;
			defaultConfigurationName = Release;
		};
/* End XCConfigurationList section */
	};
	rootObject = 86F2FF0D20CDEED90089148D /* Project object */;
}
